// !$*UTF8*$!
{
	archiveVersion = 1;
	classes = {
	};
	objectVersion = 48;
	objects = {

/* Begin PBXBuildFile section */
		14FF4096520B49DCB4769071 /* Pods_InstagramApp.framework in Frameworks */ = {isa = PBXBuildFile; fileRef = 4FC672FF856C6AB93DC9E010 /* Pods_InstagramApp.framework */; };
		211EC6D756D8717056B06D47 /* Pods_InstagramAppTests.framework in Frameworks */ = {isa = PBXBuildFile; fileRef = E75962EFF934A1197D3B1085 /* Pods_InstagramAppTests.framework */; };
		3A34BA292063640700F66741 /* PostCellViewModel.swift in Sources */ = {isa = PBXBuildFile; fileRef = 3A34BA282063640700F66741 /* PostCellViewModel.swift */; };
		3A49474A205FE71600DF719C /* AppDelegate.swift in Sources */ = {isa = PBXBuildFile; fileRef = 3A494749205FE71600DF719C /* AppDelegate.swift */; };
		3A494751205FE71600DF719C /* Assets.xcassets in Resources */ = {isa = PBXBuildFile; fileRef = 3A494750205FE71600DF719C /* Assets.xcassets */; };
		3A494754205FE71600DF719C /* LaunchScreen.storyboard in Resources */ = {isa = PBXBuildFile; fileRef = 3A494752205FE71600DF719C /* LaunchScreen.storyboard */; };
		3A49475F205FE71600DF719C /* InstagramAppTests.swift in Sources */ = {isa = PBXBuildFile; fileRef = 3A49475E205FE71600DF719C /* InstagramAppTests.swift */; };
		3A49476E2060011D00DF719C /* PosteTableViewController.swift in Sources */ = {isa = PBXBuildFile; fileRef = 3A49476D2060011D00DF719C /* PosteTableViewController.swift */; };
		3A4947702060013500DF719C /* DetailViewController.swift in Sources */ = {isa = PBXBuildFile; fileRef = 3A49476F2060013500DF719C /* DetailViewController.swift */; };
		3A4947742060172F00DF719C /* PostTableViewCell.swift in Sources */ = {isa = PBXBuildFile; fileRef = 3A4947722060172F00DF719C /* PostTableViewCell.swift */; };
		3A4947752060172F00DF719C /* PostTableViewCell.xib in Resources */ = {isa = PBXBuildFile; fileRef = 3A4947732060172F00DF719C /* PostTableViewCell.xib */; };
		3A678D1D20621D2C00C01631 /* UIEXtension.swift in Sources */ = {isa = PBXBuildFile; fileRef = 3A678D1C20621D2C00C01631 /* UIEXtension.swift */; };
		3A678D1F2062610000C01631 /* PostDetailViewModel.swift in Sources */ = {isa = PBXBuildFile; fileRef = 3A678D1E2062610000C01631 /* PostDetailViewModel.swift */; };
		3A7EBC1D2060C6120081669E /* Post.swift in Sources */ = {isa = PBXBuildFile; fileRef = 3A7EBC1C2060C6120081669E /* Post.swift */; };
		3A7EBC1F2060CAC70081669E /* User.swift in Sources */ = {isa = PBXBuildFile; fileRef = 3A7EBC1E2060CAC70081669E /* User.swift */; };
		3A7EBC212060D8FF0081669E /* PostImage.swift in Sources */ = {isa = PBXBuildFile; fileRef = 3A7EBC202060D8FF0081669E /* PostImage.swift */; };
		3A7EBC232060D9200081669E /* Like.swift in Sources */ = {isa = PBXBuildFile; fileRef = 3A7EBC222060D9200081669E /* Like.swift */; };
		3A7EBC252060D9A70081669E /* Comment.swift in Sources */ = {isa = PBXBuildFile; fileRef = 3A7EBC242060D9A70081669E /* Comment.swift */; };
		3A7EBC272060E0610081669E /* NetworkImpl.swift in Sources */ = {isa = PBXBuildFile; fileRef = 3A7EBC262060E0610081669E /* NetworkImpl.swift */; };
		3A7EBC292060E6250081669E /* Pagination.swift in Sources */ = {isa = PBXBuildFile; fileRef = 3A7EBC282060E6250081669E /* Pagination.swift */; };
		3A7EBC2B2060E6FF0081669E /* ListPosts.swift in Sources */ = {isa = PBXBuildFile; fileRef = 3A7EBC2A2060E6FF0081669E /* ListPosts.swift */; };
		3A7EBC2D2060E8730081669E /* TranslationLayer.swift in Sources */ = {isa = PBXBuildFile; fileRef = 3A7EBC2C2060E8730081669E /* TranslationLayer.swift */; };
		3A7EBC302060F45A0081669E /* PostTableViewModel.swift in Sources */ = {isa = PBXBuildFile; fileRef = 3A7EBC2F2060F45A0081669E /* PostTableViewModel.swift */; };
		3A7EBC332060FF2E0081669E /* BaseURLConfigure.swift in Sources */ = {isa = PBXBuildFile; fileRef = 3A7EBC322060FF2E0081669E /* BaseURLConfigure.swift */; };
		3A9E7D4D2065E8EF00F63362 /* HTTPRequest.swift in Sources */ = {isa = PBXBuildFile; fileRef = 3A9E7D4C2065E8EF00F63362 /* HTTPRequest.swift */; };
		3AA9E5692062B9730028D9C8 /* Reachability.swift in Sources */ = {isa = PBXBuildFile; fileRef = 3AA9E5682062B9730028D9C8 /* Reachability.swift */; };
		3AD778D32064FCF5009E12DD /* NetworkProxy.swift in Sources */ = {isa = PBXBuildFile; fileRef = 3AD778D22064FCF5009E12DD /* NetworkProxy.swift */; };
/* End PBXBuildFile section */

/* Begin PBXContainerItemProxy section */
		3A49475B205FE71600DF719C /* PBXContainerItemProxy */ = {
			isa = PBXContainerItemProxy;
			containerPortal = 3A49473E205FE71600DF719C /* Project object */;
			proxyType = 1;
			remoteGlobalIDString = 3A494745205FE71600DF719C;
			remoteInfo = InstagramApp;
		};
/* End PBXContainerItemProxy section */

/* Begin PBXFileReference section */
		29FE5AFE3474EC1DC811E20E /* Pods-InstagramAppTests.debug.xcconfig */ = {isa = PBXFileReference; includeInIndex = 1; lastKnownFileType = text.xcconfig; name = "Pods-InstagramAppTests.debug.xcconfig"; path = "Pods/Target Support Files/Pods-InstagramAppTests/Pods-InstagramAppTests.debug.xcconfig"; sourceTree = "<group>"; };
		3A34BA282063640700F66741 /* PostCellViewModel.swift */ = {isa = PBXFileReference; lastKnownFileType = sourcecode.swift; path = PostCellViewModel.swift; sourceTree = "<group>"; };
		3A494746205FE71600DF719C /* InstagramApp.app */ = {isa = PBXFileReference; explicitFileType = wrapper.application; includeInIndex = 0; path = InstagramApp.app; sourceTree = BUILT_PRODUCTS_DIR; };
		3A494749205FE71600DF719C /* AppDelegate.swift */ = {isa = PBXFileReference; lastKnownFileType = sourcecode.swift; path = AppDelegate.swift; sourceTree = "<group>"; };
		3A494750205FE71600DF719C /* Assets.xcassets */ = {isa = PBXFileReference; lastKnownFileType = folder.assetcatalog; path = Assets.xcassets; sourceTree = "<group>"; };
		3A494753205FE71600DF719C /* Base */ = {isa = PBXFileReference; lastKnownFileType = file.storyboard; name = Base; path = Base.lproj/LaunchScreen.storyboard; sourceTree = "<group>"; };
		3A494755205FE71600DF719C /* Info.plist */ = {isa = PBXFileReference; lastKnownFileType = text.plist.xml; path = Info.plist; sourceTree = "<group>"; };
		3A49475A205FE71600DF719C /* InstagramAppTests.xctest */ = {isa = PBXFileReference; explicitFileType = wrapper.cfbundle; includeInIndex = 0; path = InstagramAppTests.xctest; sourceTree = BUILT_PRODUCTS_DIR; };
		3A49475E205FE71600DF719C /* InstagramAppTests.swift */ = {isa = PBXFileReference; lastKnownFileType = sourcecode.swift; path = InstagramAppTests.swift; sourceTree = "<group>"; };
		3A494760205FE71600DF719C /* Info.plist */ = {isa = PBXFileReference; lastKnownFileType = text.plist.xml; path = Info.plist; sourceTree = "<group>"; };
		3A49476D2060011D00DF719C /* PosteTableViewController.swift */ = {isa = PBXFileReference; lastKnownFileType = sourcecode.swift; path = PosteTableViewController.swift; sourceTree = "<group>"; };
		3A49476F2060013500DF719C /* DetailViewController.swift */ = {isa = PBXFileReference; lastKnownFileType = sourcecode.swift; path = DetailViewController.swift; sourceTree = "<group>"; };
		3A4947722060172F00DF719C /* PostTableViewCell.swift */ = {isa = PBXFileReference; lastKnownFileType = sourcecode.swift; path = PostTableViewCell.swift; sourceTree = "<group>"; };
		3A4947732060172F00DF719C /* PostTableViewCell.xib */ = {isa = PBXFileReference; lastKnownFileType = file.xib; path = PostTableViewCell.xib; sourceTree = "<group>"; };
		3A678D1C20621D2C00C01631 /* UIEXtension.swift */ = {isa = PBXFileReference; lastKnownFileType = sourcecode.swift; path = UIEXtension.swift; sourceTree = "<group>"; };
		3A678D1E2062610000C01631 /* PostDetailViewModel.swift */ = {isa = PBXFileReference; lastKnownFileType = sourcecode.swift; path = PostDetailViewModel.swift; sourceTree = "<group>"; };
		3A7EBC1C2060C6120081669E /* Post.swift */ = {isa = PBXFileReference; lastKnownFileType = sourcecode.swift; path = Post.swift; sourceTree = "<group>"; };
		3A7EBC1E2060CAC70081669E /* User.swift */ = {isa = PBXFileReference; lastKnownFileType = sourcecode.swift; path = User.swift; sourceTree = "<group>"; };
		3A7EBC202060D8FF0081669E /* PostImage.swift */ = {isa = PBXFileReference; lastKnownFileType = sourcecode.swift; path = PostImage.swift; sourceTree = "<group>"; };
		3A7EBC222060D9200081669E /* Like.swift */ = {isa = PBXFileReference; lastKnownFileType = sourcecode.swift; path = Like.swift; sourceTree = "<group>"; };
		3A7EBC242060D9A70081669E /* Comment.swift */ = {isa = PBXFileReference; lastKnownFileType = sourcecode.swift; path = Comment.swift; sourceTree = "<group>"; };
		3A7EBC262060E0610081669E /* NetworkImpl.swift */ = {isa = PBXFileReference; lastKnownFileType = sourcecode.swift; path = NetworkImpl.swift; sourceTree = "<group>"; };
		3A7EBC282060E6250081669E /* Pagination.swift */ = {isa = PBXFileReference; lastKnownFileType = sourcecode.swift; path = Pagination.swift; sourceTree = "<group>"; };
		3A7EBC2A2060E6FF0081669E /* ListPosts.swift */ = {isa = PBXFileReference; lastKnownFileType = sourcecode.swift; path = ListPosts.swift; sourceTree = "<group>"; };
		3A7EBC2C2060E8730081669E /* TranslationLayer.swift */ = {isa = PBXFileReference; lastKnownFileType = sourcecode.swift; path = TranslationLayer.swift; sourceTree = "<group>"; };
		3A7EBC2F2060F45A0081669E /* PostTableViewModel.swift */ = {isa = PBXFileReference; lastKnownFileType = sourcecode.swift; path = PostTableViewModel.swift; sourceTree = "<group>"; };
		3A7EBC322060FF2E0081669E /* BaseURLConfigure.swift */ = {isa = PBXFileReference; lastKnownFileType = sourcecode.swift; path = BaseURLConfigure.swift; sourceTree = "<group>"; };
		3A9E7D4C2065E8EF00F63362 /* HTTPRequest.swift */ = {isa = PBXFileReference; lastKnownFileType = sourcecode.swift; path = HTTPRequest.swift; sourceTree = "<group>"; };
		3AA9E5682062B9730028D9C8 /* Reachability.swift */ = {isa = PBXFileReference; lastKnownFileType = sourcecode.swift; path = Reachability.swift; sourceTree = "<group>"; };
		3AD778D22064FCF5009E12DD /* NetworkProxy.swift */ = {isa = PBXFileReference; lastKnownFileType = sourcecode.swift; path = NetworkProxy.swift; sourceTree = "<group>"; };
		4FC672FF856C6AB93DC9E010 /* Pods_InstagramApp.framework */ = {isa = PBXFileReference; explicitFileType = wrapper.framework; includeInIndex = 0; path = Pods_InstagramApp.framework; sourceTree = BUILT_PRODUCTS_DIR; };
		6B2766C415BADFEA452B1FFA /* Pods-InstagramApp.debug.xcconfig */ = {isa = PBXFileReference; includeInIndex = 1; lastKnownFileType = text.xcconfig; name = "Pods-InstagramApp.debug.xcconfig"; path = "Pods/Target Support Files/Pods-InstagramApp/Pods-InstagramApp.debug.xcconfig"; sourceTree = "<group>"; };
		739B2D0F38B580D77BDC711F /* Pods-InstagramApp.release.xcconfig */ = {isa = PBXFileReference; includeInIndex = 1; lastKnownFileType = text.xcconfig; name = "Pods-InstagramApp.release.xcconfig"; path = "Pods/Target Support Files/Pods-InstagramApp/Pods-InstagramApp.release.xcconfig"; sourceTree = "<group>"; };
		DF01053527BCDB9C441B3D55 /* Pods-InstagramAppTests.release.xcconfig */ = {isa = PBXFileReference; includeInIndex = 1; lastKnownFileType = text.xcconfig; name = "Pods-InstagramAppTests.release.xcconfig"; path = "Pods/Target Support Files/Pods-InstagramAppTests/Pods-InstagramAppTests.release.xcconfig"; sourceTree = "<group>"; };
		E75962EFF934A1197D3B1085 /* Pods_InstagramAppTests.framework */ = {isa = PBXFileReference; explicitFileType = wrapper.framework; includeInIndex = 0; path = Pods_InstagramAppTests.framework; sourceTree = BUILT_PRODUCTS_DIR; };
/* End PBXFileReference section */

/* Begin PBXFrameworksBuildPhase section */
		3A494743205FE71600DF719C /* Frameworks */ = {
			isa = PBXFrameworksBuildPhase;
			buildActionMask = 2147483647;
			files = (
				14FF4096520B49DCB4769071 /* Pods_InstagramApp.framework in Frameworks */,
			);
			runOnlyForDeploymentPostprocessing = 0;
		};
		3A494757205FE71600DF719C /* Frameworks */ = {
			isa = PBXFrameworksBuildPhase;
			buildActionMask = 2147483647;
			files = (
				211EC6D756D8717056B06D47 /* Pods_InstagramAppTests.framework in Frameworks */,
			);
			runOnlyForDeploymentPostprocessing = 0;
		};
/* End PBXFrameworksBuildPhase section */

/* Begin PBXGroup section */
		3A49473D205FE71600DF719C = {
			isa = PBXGroup;
			children = (
				3A494748205FE71600DF719C /* InstagramApp */,
				3A49475D205FE71600DF719C /* InstagramAppTests */,
				3A494747205FE71600DF719C /* Products */,
				E4C2447B84C3BD73075B1879 /* Pods */,
				73511A8C93ED0376F01C9136 /* Frameworks */,
			);
			sourceTree = "<group>";
		};
		3A494747205FE71600DF719C /* Products */ = {
			isa = PBXGroup;
			children = (
				3A494746205FE71600DF719C /* InstagramApp.app */,
				3A49475A205FE71600DF719C /* InstagramAppTests.xctest */,
			);
			name = Products;
			sourceTree = "<group>";
		};
		3A494748205FE71600DF719C /* InstagramApp */ = {
			isa = PBXGroup;
			children = (
				3AD8F9F92062194900D30CFE /* Extension */,
				3A7EBC312060FF080081669E /* Helpers */,
				3A7EBC182060BB190081669E /* Translation */,
				3A7EBC172060BB080081669E /* Network */,
				3A7EBC1B2060C5F90081669E /* Models */,
				3A49476A205FFFC100DF719C /* Views */,
				3A7EBC2E2060F40D0081669E /* ViewModels */,
				3A49476C2060000100DF719C /* Applications */,
			);
			path = InstagramApp;
			sourceTree = "<group>";
		};
		3A49475D205FE71600DF719C /* InstagramAppTests */ = {
			isa = PBXGroup;
			children = (
				3A49475E205FE71600DF719C /* InstagramAppTests.swift */,
				3A494760205FE71600DF719C /* Info.plist */,
			);
			path = InstagramAppTests;
			sourceTree = "<group>";
		};
		3A49476A205FFFC100DF719C /* Views */ = {
			isa = PBXGroup;
			children = (
				3A494771206016C300DF719C /* Cell */,
				3A49476D2060011D00DF719C /* PosteTableViewController.swift */,
				3A49476F2060013500DF719C /* DetailViewController.swift */,
			);
			path = Views;
			sourceTree = "<group>";
		};
		3A49476C2060000100DF719C /* Applications */ = {
			isa = PBXGroup;
			children = (
				3A494749205FE71600DF719C /* AppDelegate.swift */,
				3A494750205FE71600DF719C /* Assets.xcassets */,
				3A494752205FE71600DF719C /* LaunchScreen.storyboard */,
				3A494755205FE71600DF719C /* Info.plist */,
			);
			path = Applications;
			sourceTree = "<group>";
		};
		3A494771206016C300DF719C /* Cell */ = {
			isa = PBXGroup;
			children = (
				3A4947722060172F00DF719C /* PostTableViewCell.swift */,
				3A4947732060172F00DF719C /* PostTableViewCell.xib */,
			);
			path = Cell;
			sourceTree = "<group>";
		};
		3A7EBC172060BB080081669E /* Network */ = {
			isa = PBXGroup;
			children = (
				3A7EBC262060E0610081669E /* NetworkImpl.swift */,
				3AD778D22064FCF5009E12DD /* NetworkProxy.swift */,
				3A9E7D4C2065E8EF00F63362 /* HTTPRequest.swift */,
			);
			path = Network;
			sourceTree = "<group>";
		};
		3A7EBC182060BB190081669E /* Translation */ = {
			isa = PBXGroup;
			children = (
				3A7EBC2C2060E8730081669E /* TranslationLayer.swift */,
			);
			path = Translation;
			sourceTree = "<group>";
		};
		3A7EBC1B2060C5F90081669E /* Models */ = {
			isa = PBXGroup;
			children = (
				3A7EBC1C2060C6120081669E /* Post.swift */,
				3A7EBC1E2060CAC70081669E /* User.swift */,
				3A7EBC202060D8FF0081669E /* PostImage.swift */,
				3A7EBC222060D9200081669E /* Like.swift */,
				3A7EBC242060D9A70081669E /* Comment.swift */,
				3A7EBC282060E6250081669E /* Pagination.swift */,
				3A7EBC2A2060E6FF0081669E /* ListPosts.swift */,
			);
			path = Models;
			sourceTree = "<group>";
		};
		3A7EBC2E2060F40D0081669E /* ViewModels */ = {
			isa = PBXGroup;
			children = (
				3A7EBC2F2060F45A0081669E /* PostTableViewModel.swift */,
				3A678D1E2062610000C01631 /* PostDetailViewModel.swift */,
				3A34BA282063640700F66741 /* PostCellViewModel.swift */,
			);
			path = ViewModels;
			sourceTree = "<group>";
		};
		3A7EBC312060FF080081669E /* Helpers */ = {
			isa = PBXGroup;
			children = (
				3A7EBC322060FF2E0081669E /* BaseURLConfigure.swift */,
				3AA9E5682062B9730028D9C8 /* Reachability.swift */,
			);
			path = Helpers;
			sourceTree = "<group>";
		};
		3AD8F9F92062194900D30CFE /* Extension */ = {
			isa = PBXGroup;
			children = (
				3A678D1C20621D2C00C01631 /* UIEXtension.swift */,
			);
			path = Extension;
			sourceTree = "<group>";
		};
		73511A8C93ED0376F01C9136 /* Frameworks */ = {
			isa = PBXGroup;
			children = (
				4FC672FF856C6AB93DC9E010 /* Pods_InstagramApp.framework */,
				E75962EFF934A1197D3B1085 /* Pods_InstagramAppTests.framework */,
			);
			name = Frameworks;
			sourceTree = "<group>";
		};
		E4C2447B84C3BD73075B1879 /* Pods */ = {
			isa = PBXGroup;
			children = (
				6B2766C415BADFEA452B1FFA /* Pods-InstagramApp.debug.xcconfig */,
				739B2D0F38B580D77BDC711F /* Pods-InstagramApp.release.xcconfig */,
				29FE5AFE3474EC1DC811E20E /* Pods-InstagramAppTests.debug.xcconfig */,
				DF01053527BCDB9C441B3D55 /* Pods-InstagramAppTests.release.xcconfig */,
			);
			name = Pods;
			sourceTree = "<group>";
		};
/* End PBXGroup section */

/* Begin PBXNativeTarget section */
		3A494745205FE71600DF719C /* InstagramApp */ = {
			isa = PBXNativeTarget;
			buildConfigurationList = 3A494763205FE71600DF719C /* Build configuration list for PBXNativeTarget "InstagramApp" */;
			buildPhases = (
				7D47C6FA1658A65B82662EF2 /* [CP] Check Pods Manifest.lock */,
				3A494742205FE71600DF719C /* Sources */,
				3A494743205FE71600DF719C /* Frameworks */,
				3A494744205FE71600DF719C /* Resources */,
				1C646A0138E4C83407AF1D91 /* [CP] Embed Pods Frameworks */,
				4CED67085B2D0FF7A9D08AAE /* [CP] Copy Pods Resources */,
			);
			buildRules = (
			);
			dependencies = (
			);
			name = InstagramApp;
			productName = InstagramApp;
			productReference = 3A494746205FE71600DF719C /* InstagramApp.app */;
			productType = "com.apple.product-type.application";
		};
		3A494759205FE71600DF719C /* InstagramAppTests */ = {
			isa = PBXNativeTarget;
			buildConfigurationList = 3A494766205FE71600DF719C /* Build configuration list for PBXNativeTarget "InstagramAppTests" */;
			buildPhases = (
				9403F19121980F6DF2EFE9CD /* [CP] Check Pods Manifest.lock */,
				3A494756205FE71600DF719C /* Sources */,
				3A494757205FE71600DF719C /* Frameworks */,
				3A494758205FE71600DF719C /* Resources */,
				D33B1073A6A569D36216DE19 /* [CP] Embed Pods Frameworks */,
				AB9B54FB1D55E6D43CF5D234 /* [CP] Copy Pods Resources */,
			);
			buildRules = (
			);
			dependencies = (
				3A49475C205FE71600DF719C /* PBXTargetDependency */,
			);
			name = InstagramAppTests;
			productName = InstagramAppTests;
			productReference = 3A49475A205FE71600DF719C /* InstagramAppTests.xctest */;
			productType = "com.apple.product-type.bundle.unit-test";
		};
/* End PBXNativeTarget section */

/* Begin PBXProject section */
		3A49473E205FE71600DF719C /* Project object */ = {
			isa = PBXProject;
			attributes = {
				LastSwiftUpdateCheck = 0920;
				LastUpgradeCheck = 0920;
				ORGANIZATIONNAME = "son chanthem";
				TargetAttributes = {
					3A494745205FE71600DF719C = {
						CreatedOnToolsVersion = 9.2;
						ProvisioningStyle = Automatic;
					};
					3A494759205FE71600DF719C = {
						CreatedOnToolsVersion = 9.2;
						ProvisioningStyle = Automatic;
						TestTargetID = 3A494745205FE71600DF719C;
					};
				};
			};
			buildConfigurationList = 3A494741205FE71600DF719C /* Build configuration list for PBXProject "InstagramApp" */;
			compatibilityVersion = "Xcode 8.0";
			developmentRegion = en;
			hasScannedForEncodings = 0;
			knownRegions = (
				en,
				Base,
			);
			mainGroup = 3A49473D205FE71600DF719C;
			productRefGroup = 3A494747205FE71600DF719C /* Products */;
			projectDirPath = "";
			projectRoot = "";
			targets = (
				3A494745205FE71600DF719C /* InstagramApp */,
				3A494759205FE71600DF719C /* InstagramAppTests */,
			);
		};
/* End PBXProject section */

/* Begin PBXResourcesBuildPhase section */
		3A494744205FE71600DF719C /* Resources */ = {
			isa = PBXResourcesBuildPhase;
			buildActionMask = 2147483647;
			files = (
				3A4947752060172F00DF719C /* PostTableViewCell.xib in Resources */,
				3A494754205FE71600DF719C /* LaunchScreen.storyboard in Resources */,
				3A494751205FE71600DF719C /* Assets.xcassets in Resources */,
			);
			runOnlyForDeploymentPostprocessing = 0;
		};
		3A494758205FE71600DF719C /* Resources */ = {
			isa = PBXResourcesBuildPhase;
			buildActionMask = 2147483647;
			files = (
			);
			runOnlyForDeploymentPostprocessing = 0;
		};
/* End PBXResourcesBuildPhase section */

/* Begin PBXShellScriptBuildPhase section */
		1C646A0138E4C83407AF1D91 /* [CP] Embed Pods Frameworks */ = {
			isa = PBXShellScriptBuildPhase;
			buildActionMask = 2147483647;
			files = (
			);
			inputPaths = (
				"${SRCROOT}/Pods/Target Support Files/Pods-InstagramApp/Pods-InstagramApp-frameworks.sh",
				"${BUILT_PRODUCTS_DIR}/Alamofire/Alamofire.framework",
				"${BUILT_PRODUCTS_DIR}/AlamofireObjectMapper/AlamofireObjectMapper.framework",
				"${BUILT_PRODUCTS_DIR}/Kingfisher/Kingfisher.framework",
				"${BUILT_PRODUCTS_DIR}/ObjectMapper/ObjectMapper.framework",
				"${BUILT_PRODUCTS_DIR}/ReachabilitySwift/Reachability.framework",
				"${BUILT_PRODUCTS_DIR}/RxCocoa/RxCocoa.framework",
				"${BUILT_PRODUCTS_DIR}/RxSwift/RxSwift.framework",
			);
			name = "[CP] Embed Pods Frameworks";
			outputPaths = (
				"${TARGET_BUILD_DIR}/${FRAMEWORKS_FOLDER_PATH}/Alamofire.framework",
				"${TARGET_BUILD_DIR}/${FRAMEWORKS_FOLDER_PATH}/AlamofireObjectMapper.framework",
				"${TARGET_BUILD_DIR}/${FRAMEWORKS_FOLDER_PATH}/Kingfisher.framework",
				"${TARGET_BUILD_DIR}/${FRAMEWORKS_FOLDER_PATH}/ObjectMapper.framework",
				"${TARGET_BUILD_DIR}/${FRAMEWORKS_FOLDER_PATH}/Reachability.framework",
				"${TARGET_BUILD_DIR}/${FRAMEWORKS_FOLDER_PATH}/RxCocoa.framework",
				"${TARGET_BUILD_DIR}/${FRAMEWORKS_FOLDER_PATH}/RxSwift.framework",
			);
			runOnlyForDeploymentPostprocessing = 0;
			shellPath = /bin/sh;
			shellScript = "\"${SRCROOT}/Pods/Target Support Files/Pods-InstagramApp/Pods-InstagramApp-frameworks.sh\"\n";
			showEnvVarsInLog = 0;
		};
		4CED67085B2D0FF7A9D08AAE /* [CP] Copy Pods Resources */ = {
			isa = PBXShellScriptBuildPhase;
			buildActionMask = 2147483647;
			files = (
			);
			inputPaths = (
			);
			name = "[CP] Copy Pods Resources";
			outputPaths = (
			);
			runOnlyForDeploymentPostprocessing = 0;
			shellPath = /bin/sh;
			shellScript = "\"${SRCROOT}/Pods/Target Support Files/Pods-InstagramApp/Pods-InstagramApp-resources.sh\"\n";
			showEnvVarsInLog = 0;
		};
		7D47C6FA1658A65B82662EF2 /* [CP] Check Pods Manifest.lock */ = {
			isa = PBXShellScriptBuildPhase;
			buildActionMask = 2147483647;
			files = (
			);
			inputPaths = (
				"${PODS_PODFILE_DIR_PATH}/Podfile.lock",
				"${PODS_ROOT}/Manifest.lock",
			);
			name = "[CP] Check Pods Manifest.lock";
			outputPaths = (
				"$(DERIVED_FILE_DIR)/Pods-InstagramApp-checkManifestLockResult.txt",
			);
			runOnlyForDeploymentPostprocessing = 0;
			shellPath = /bin/sh;
			shellScript = "diff \"${PODS_PODFILE_DIR_PATH}/Podfile.lock\" \"${PODS_ROOT}/Manifest.lock\" > /dev/null\nif [ $? != 0 ] ; then\n    # print error to STDERR\n    echo \"error: The sandbox is not in sync with the Podfile.lock. Run 'pod install' or update your CocoaPods installation.\" >&2\n    exit 1\nfi\n# This output is used by Xcode 'outputs' to avoid re-running this script phase.\necho \"SUCCESS\" > \"${SCRIPT_OUTPUT_FILE_0}\"\n";
			showEnvVarsInLog = 0;
		};
		9403F19121980F6DF2EFE9CD /* [CP] Check Pods Manifest.lock */ = {
			isa = PBXShellScriptBuildPhase;
			buildActionMask = 2147483647;
			files = (
			);
			inputPaths = (
				"${PODS_PODFILE_DIR_PATH}/Podfile.lock",
				"${PODS_ROOT}/Manifest.lock",
			);
			name = "[CP] Check Pods Manifest.lock";
			outputPaths = (
				"$(DERIVED_FILE_DIR)/Pods-InstagramAppTests-checkManifestLockResult.txt",
			);
			runOnlyForDeploymentPostprocessing = 0;
			shellPath = /bin/sh;
			shellScript = "diff \"${PODS_PODFILE_DIR_PATH}/Podfile.lock\" \"${PODS_ROOT}/Manifest.lock\" > /dev/null\nif [ $? != 0 ] ; then\n    # print error to STDERR\n    echo \"error: The sandbox is not in sync with the Podfile.lock. Run 'pod install' or update your CocoaPods installation.\" >&2\n    exit 1\nfi\n# This output is used by Xcode 'outputs' to avoid re-running this script phase.\necho \"SUCCESS\" > \"${SCRIPT_OUTPUT_FILE_0}\"\n";
			showEnvVarsInLog = 0;
		};
		AB9B54FB1D55E6D43CF5D234 /* [CP] Copy Pods Resources */ = {
			isa = PBXShellScriptBuildPhase;
			buildActionMask = 2147483647;
			files = (
			);
			inputPaths = (
			);
			name = "[CP] Copy Pods Resources";
			outputPaths = (
			);
			runOnlyForDeploymentPostprocessing = 0;
			shellPath = /bin/sh;
			shellScript = "\"${SRCROOT}/Pods/Target Support Files/Pods-InstagramAppTests/Pods-InstagramAppTests-resources.sh\"\n";
			showEnvVarsInLog = 0;
		};
		D33B1073A6A569D36216DE19 /* [CP] Embed Pods Frameworks */ = {
			isa = PBXShellScriptBuildPhase;
			buildActionMask = 2147483647;
			files = (
			);
			inputPaths = (
			);
			name = "[CP] Embed Pods Frameworks";
			outputPaths = (
			);
			runOnlyForDeploymentPostprocessing = 0;
			shellPath = /bin/sh;
			shellScript = "\"${SRCROOT}/Pods/Target Support Files/Pods-InstagramAppTests/Pods-InstagramAppTests-frameworks.sh\"\n";
			showEnvVarsInLog = 0;
		};
/* End PBXShellScriptBuildPhase section */

/* Begin PBXSourcesBuildPhase section */
		3A494742205FE71600DF719C /* Sources */ = {
			isa = PBXSourcesBuildPhase;
			buildActionMask = 2147483647;
			files = (
				3A4947702060013500DF719C /* DetailViewController.swift in Sources */,
				3A7EBC302060F45A0081669E /* PostTableViewModel.swift in Sources */,
				3A678D1F2062610000C01631 /* PostDetailViewModel.swift in Sources */,
				3A49474A205FE71600DF719C /* AppDelegate.swift in Sources */,
				3A7EBC252060D9A70081669E /* Comment.swift in Sources */,
				3A7EBC232060D9200081669E /* Like.swift in Sources */,
				3AD778D32064FCF5009E12DD /* NetworkProxy.swift in Sources */,
				3A7EBC1F2060CAC70081669E /* User.swift in Sources */,
				3A4947742060172F00DF719C /* PostTableViewCell.swift in Sources */,
				3A678D1D20621D2C00C01631 /* UIEXtension.swift in Sources */,
				3A7EBC1D2060C6120081669E /* Post.swift in Sources */,
				3A7EBC292060E6250081669E /* Pagination.swift in Sources */,
				3A34BA292063640700F66741 /* PostCellViewModel.swift in Sources */,
				3A7EBC212060D8FF0081669E /* PostImage.swift in Sources */,
				3A7EBC272060E0610081669E /* NetworkImpl.swift in Sources */,
				3A7EBC2D2060E8730081669E /* TranslationLayer.swift in Sources */,
				3AA9E5692062B9730028D9C8 /* Reachability.swift in Sources */,
				3A7EBC332060FF2E0081669E /* BaseURLConfigure.swift in Sources */,
				3A9E7D4D2065E8EF00F63362 /* HTTPRequest.swift in Sources */,
				3A49476E2060011D00DF719C /* PosteTableViewController.swift in Sources */,
				3A7EBC2B2060E6FF0081669E /* ListPosts.swift in Sources */,
			);
			runOnlyForDeploymentPostprocessing = 0;
		};
		3A494756205FE71600DF719C /* Sources */ = {
			isa = PBXSourcesBuildPhase;
			buildActionMask = 2147483647;
			files = (
				3A49475F205FE71600DF719C /* InstagramAppTests.swift in Sources */,
			);
			runOnlyForDeploymentPostprocessing = 0;
		};
/* End PBXSourcesBuildPhase section */

/* Begin PBXTargetDependency section */
		3A49475C205FE71600DF719C /* PBXTargetDependency */ = {
			isa = PBXTargetDependency;
			target = 3A494745205FE71600DF719C /* InstagramApp */;
			targetProxy = 3A49475B205FE71600DF719C /* PBXContainerItemProxy */;
		};
/* End PBXTargetDependency section */

/* Begin PBXVariantGroup section */
		3A494752205FE71600DF719C /* LaunchScreen.storyboard */ = {
			isa = PBXVariantGroup;
			children = (
				3A494753205FE71600DF719C /* Base */,
			);
			name = LaunchScreen.storyboard;
			sourceTree = "<group>";
		};
/* End PBXVariantGroup section */

/* Begin XCBuildConfiguration section */
		3A494761205FE71600DF719C /* Debug */ = {
			isa = XCBuildConfiguration;
			buildSettings = {
				ALWAYS_SEARCH_USER_PATHS = NO;
				CLANG_ANALYZER_NONNULL = YES;
				CLANG_ANALYZER_NUMBER_OBJECT_CONVERSION = YES_AGGRESSIVE;
				CLANG_CXX_LANGUAGE_STANDARD = "gnu++14";
				CLANG_CXX_LIBRARY = "libc++";
				CLANG_ENABLE_MODULES = YES;
				CLANG_ENABLE_OBJC_ARC = YES;
				CLANG_WARN_BLOCK_CAPTURE_AUTORELEASING = YES;
				CLANG_WARN_BOOL_CONVERSION = YES;
				CLANG_WARN_COMMA = YES;
				CLANG_WARN_CONSTANT_CONVERSION = YES;
				CLANG_WARN_DIRECT_OBJC_ISA_USAGE = YES_ERROR;
				CLANG_WARN_DOCUMENTATION_COMMENTS = YES;
				CLANG_WARN_EMPTY_BODY = YES;
				CLANG_WARN_ENUM_CONVERSION = YES;
				CLANG_WARN_INFINITE_RECURSION = YES;
				CLANG_WARN_INT_CONVERSION = YES;
				CLANG_WARN_NON_LITERAL_NULL_CONVERSION = YES;
				CLANG_WARN_OBJC_LITERAL_CONVERSION = YES;
				CLANG_WARN_OBJC_ROOT_CLASS = YES_ERROR;
				CLANG_WARN_RANGE_LOOP_ANALYSIS = YES;
				CLANG_WARN_STRICT_PROTOTYPES = YES;
				CLANG_WARN_SUSPICIOUS_MOVE = YES;
				CLANG_WARN_UNGUARDED_AVAILABILITY = YES_AGGRESSIVE;
				CLANG_WARN_UNREACHABLE_CODE = YES;
				CLANG_WARN__DUPLICATE_METHOD_MATCH = YES;
				CODE_SIGN_IDENTITY = "iPhone Developer";
				COPY_PHASE_STRIP = NO;
				DEBUG_INFORMATION_FORMAT = dwarf;
				ENABLE_STRICT_OBJC_MSGSEND = YES;
				ENABLE_TESTABILITY = YES;
				GCC_C_LANGUAGE_STANDARD = gnu11;
				GCC_DYNAMIC_NO_PIC = NO;
				GCC_NO_COMMON_BLOCKS = YES;
				GCC_OPTIMIZATION_LEVEL = 0;
				GCC_PREPROCESSOR_DEFINITIONS = (
					"DEBUG=1",
					"$(inherited)",
				);
				GCC_WARN_64_TO_32_BIT_CONVERSION = YES;
				GCC_WARN_ABOUT_RETURN_TYPE = YES_ERROR;
				GCC_WARN_UNDECLARED_SELECTOR = YES;
				GCC_WARN_UNINITIALIZED_AUTOS = YES_AGGRESSIVE;
				GCC_WARN_UNUSED_FUNCTION = YES;
				GCC_WARN_UNUSED_VARIABLE = YES;
				IPHONEOS_DEPLOYMENT_TARGET = 9.0;
				MTL_ENABLE_DEBUG_INFO = YES;
				ONLY_ACTIVE_ARCH = YES;
				SDKROOT = iphoneos;
				SWIFT_ACTIVE_COMPILATION_CONDITIONS = DEBUG;
				SWIFT_OPTIMIZATION_LEVEL = "-Onone";
			};
			name = Debug;
		};
		3A494762205FE71600DF719C /* Release */ = {
			isa = XCBuildConfiguration;
			buildSettings = {
				ALWAYS_SEARCH_USER_PATHS = NO;
				CLANG_ANALYZER_NONNULL = YES;
				CLANG_ANALYZER_NUMBER_OBJECT_CONVERSION = YES_AGGRESSIVE;
				CLANG_CXX_LANGUAGE_STANDARD = "gnu++14";
				CLANG_CXX_LIBRARY = "libc++";
				CLANG_ENABLE_MODULES = YES;
				CLANG_ENABLE_OBJC_ARC = YES;
				CLANG_WARN_BLOCK_CAPTURE_AUTORELEASING = YES;
				CLANG_WARN_BOOL_CONVERSION = YES;
				CLANG_WARN_COMMA = YES;
				CLANG_WARN_CONSTANT_CONVERSION = YES;
				CLANG_WARN_DIRECT_OBJC_ISA_USAGE = YES_ERROR;
				CLANG_WARN_DOCUMENTATION_COMMENTS = YES;
				CLANG_WARN_EMPTY_BODY = YES;
				CLANG_WARN_ENUM_CONVERSION = YES;
				CLANG_WARN_INFINITE_RECURSION = YES;
				CLANG_WARN_INT_CONVERSION = YES;
				CLANG_WARN_NON_LITERAL_NULL_CONVERSION = YES;
				CLANG_WARN_OBJC_LITERAL_CONVERSION = YES;
				CLANG_WARN_OBJC_ROOT_CLASS = YES_ERROR;
				CLANG_WARN_RANGE_LOOP_ANALYSIS = YES;
				CLANG_WARN_STRICT_PROTOTYPES = YES;
				CLANG_WARN_SUSPICIOUS_MOVE = YES;
				CLANG_WARN_UNGUARDED_AVAILABILITY = YES_AGGRESSIVE;
				CLANG_WARN_UNREACHABLE_CODE = YES;
				CLANG_WARN__DUPLICATE_METHOD_MATCH = YES;
				CODE_SIGN_IDENTITY = "iPhone Developer";
				COPY_PHASE_STRIP = NO;
				DEBUG_INFORMATION_FORMAT = "dwarf-with-dsym";
				ENABLE_NS_ASSERTIONS = NO;
				ENABLE_STRICT_OBJC_MSGSEND = YES;
				GCC_C_LANGUAGE_STANDARD = gnu11;
				GCC_NO_COMMON_BLOCKS = YES;
				GCC_WARN_64_TO_32_BIT_CONVERSION = YES;
				GCC_WARN_ABOUT_RETURN_TYPE = YES_ERROR;
				GCC_WARN_UNDECLARED_SELECTOR = YES;
				GCC_WARN_UNINITIALIZED_AUTOS = YES_AGGRESSIVE;
				GCC_WARN_UNUSED_FUNCTION = YES;
				GCC_WARN_UNUSED_VARIABLE = YES;
				IPHONEOS_DEPLOYMENT_TARGET = 9.0;
				MTL_ENABLE_DEBUG_INFO = NO;
				SDKROOT = iphoneos;
				SWIFT_OPTIMIZATION_LEVEL = "-Owholemodule";
				VALIDATE_PRODUCT = YES;
			};
			name = Release;
		};
		3A494764205FE71600DF719C /* Debug */ = {
			isa = XCBuildConfiguration;
			baseConfigurationReference = 6B2766C415BADFEA452B1FFA /* Pods-InstagramApp.debug.xcconfig */;
			buildSettings = {
				ASSETCATALOG_COMPILER_APPICON_NAME = AppIcon;
				CODE_SIGN_STYLE = Automatic;
				DEVELOPMENT_TEAM = KBWN3BETTA;
				INFOPLIST_FILE = InstagramApp/Applications/Info.plist;
				IPHONEOS_DEPLOYMENT_TARGET = 9.0;
				LD_RUNPATH_SEARCH_PATHS = "$(inherited) @executable_path/Frameworks";
				PRODUCT_BUNDLE_IDENTIFIER = com.chanthem.InstagramApp;
				PRODUCT_NAME = "$(TARGET_NAME)";
				SWIFT_VERSION = 4.0;
				TARGETED_DEVICE_FAMILY = "1,2";
			};
			name = Debug;
		};
		3A494765205FE71600DF719C /* Release */ = {
			isa = XCBuildConfiguration;
			baseConfigurationReference = 739B2D0F38B580D77BDC711F /* Pods-InstagramApp.release.xcconfig */;
			buildSettings = {
				ASSETCATALOG_COMPILER_APPICON_NAME = AppIcon;
				CODE_SIGN_STYLE = Automatic;
				DEVELOPMENT_TEAM = KBWN3BETTA;
				INFOPLIST_FILE = InstagramApp/Applications/Info.plist;
				IPHONEOS_DEPLOYMENT_TARGET = 9.0;
				LD_RUNPATH_SEARCH_PATHS = "$(inherited) @executable_path/Frameworks";
				PRODUCT_BUNDLE_IDENTIFIER = com.chanthem.InstagramApp;
				PRODUCT_NAME = "$(TARGET_NAME)";
				SWIFT_VERSION = 4.0;
				TARGETED_DEVICE_FAMILY = "1,2";
			};
			name = Release;
		};
		3A494767205FE71600DF719C /* Debug */ = {
			isa = XCBuildConfiguration;
			baseConfigurationReference = 29FE5AFE3474EC1DC811E20E /* Pods-InstagramAppTests.debug.xcconfig */;
			buildSettings = {
				ALWAYS_EMBED_SWIFT_STANDARD_LIBRARIES = YES;
				BUNDLE_LOADER = "$(TEST_HOST)";
				CODE_SIGN_STYLE = Automatic;
				DEVELOPMENT_TEAM = ZB58A75PGM;
				INFOPLIST_FILE = InstagramAppTests/Info.plist;
				LD_RUNPATH_SEARCH_PATHS = "$(inherited) @executable_path/Frameworks @loader_path/Frameworks";
				PRODUCT_BUNDLE_IDENTIFIER = com.chanthem.InstagramAppTests;
				PRODUCT_NAME = "$(TARGET_NAME)";
				SWIFT_VERSION = 4.0;
				TARGETED_DEVICE_FAMILY = "1,2";
				TEST_HOST = "$(BUILT_PRODUCTS_DIR)/InstagramApp.app/InstagramApp";
			};
			name = Debug;
		};
		3A494768205FE71600DF719C /* Release */ = {
			isa = XCBuildConfiguration;
			baseConfigurationReference = DF01053527BCDB9C441B3D55 /* Pods-InstagramAppTests.release.xcconfig */;
			buildSettings = {
				ALWAYS_EMBED_SWIFT_STANDARD_LIBRARIES = YES;
				BUNDLE_LOADER = "$(TEST_HOST)";
				CODE_SIGN_STYLE = Automatic;
				DEVELOPMENT_TEAM = ZB58A75PGM;
				INFOPLIST_FILE = InstagramAppTests/Info.plist;
				LD_RUNPATH_SEARCH_PATHS = "$(inherited) @executable_path/Frameworks @loader_path/Frameworks";
				PRODUCT_BUNDLE_IDENTIFIER = com.chanthem.InstagramAppTests;
				PRODUCT_NAME = "$(TARGET_NAME)";
				SWIFT_VERSION = 4.0;
				TARGETED_DEVICE_FAMILY = "1,2";
				TEST_HOST = "$(BUILT_PRODUCTS_DIR)/InstagramApp.app/InstagramApp";
			};
			name = Release;
		};
/* End XCBuildConfiguration section */

/* Begin XCConfigurationList section */
		3A494741205FE71600DF719C /* Build configuration list for PBXProject "InstagramApp" */ = {
			isa = XCConfigurationList;
			buildConfigurations = (
				3A494761205FE71600DF719C /* Debug */,
				3A494762205FE71600DF719C /* Release */,
			);
			defaultConfigurationIsVisible = 0;
			defaultConfigurationName = Release;
		};
		3A494763205FE71600DF719C /* Build configuration list for PBXNativeTarget "InstagramApp" */ = {
			isa = XCConfigurationList;
			buildConfigurations = (
				3A494764205FE71600DF719C /* Debug */,
				3A494765205FE71600DF719C /* Release */,
			);
			defaultConfigurationIsVisible = 0;
			defaultConfigurationName = Release;
		};
		3A494766205FE71600DF719C /* Build configuration list for PBXNativeTarget "InstagramAppTests" */ = {
			isa = XCConfigurationList;
			buildConfigurations = (
				3A494767205FE71600DF719C /* Debug */,
				3A494768205FE71600DF719C /* Release */,
			);
			defaultConfigurationIsVisible = 0;
			defaultConfigurationName = Release;
		};
/* End XCConfigurationList section */
	};
	rootObject = 3A49473E205FE71600DF719C /* Project object */;
}
