PODS:
  - Alamofire (4.7.0)
  - AlamofireObjectMapper (5.0.0):
    - Alamofire (~> 4.1)
    - ObjectMapper (~> 3.0)
  - Kingfisher (4.6.3)
  - ObjectMapper (3.1.0)
  - ReachabilitySwift (4.1.0)
  - RxCocoa (4.1.2):
    - RxSwift (~> 4.0)
  - RxSwift (4.1.2)
  - SnapKit (4.0.0)

DEPENDENCIES:
  - AlamofireObjectMapper (~> 5.0)
  - Kingfisher (~> 4.0)
  - ReachabilitySwift
  - RxCocoa (~> 4.0)
  - RxSwift (~> 4.0)
  - SnapKit (~> 4.0.0)

SPEC CHECKSUMS:
  Alamofire: 907e0a98eb68cdb7f9d1f541a563d6ac5dc77b25
  AlamofireObjectMapper: 5fafc816351cbbc0d486611aaeba7461c0cbad49
  Kingfisher: 98e6d5b5e807645743e8ed5ececd25d688d38452
  ObjectMapper: 20505058f54e5c3ca69e1d6de9897d152a5369a6
  ReachabilitySwift: 6849231cd4e06559f3b9ef4a97a0a0f96d41e09f
  RxCocoa: d88ba0f1f6abf040011a9eb4b539324fc426843a
  RxSwift: e49536837d9901277638493ea537394d4b55f570
  SnapKit: a42d492c16e80209130a3379f73596c3454b7694

PODFILE CHECKSUM: 22763d751d12d1bbcb27aad820d0ad1e8a62d17e

COCOAPODS: 1.3.1
